
Microsoft Visual Studio Solution File, Format Version 12.00
# Visual Studio Version 17
VisualStudioVersion = 17.0.31919.166
MinimumVisualStudioVersion = 10.0.40219.1
Project("{FAE04EC0-301F-11D3-BF4B-00C04F79EFBC}") = "ClickLimpeza", "ClickLimpeza\ClickLimpeza.csproj", "{B404C3D0-7E1C-4EA0-8486-5557758CF9F9}"
EndProject
Global
	GlobalSection(SolutionConfigurationPlatforms) = preSolution
		Debug|Any CPU = Debug|Any CPU
		Release|Any CPU = Release|Any CPU
	EndGlobalSection
	GlobalSection(ProjectConfigurationPlatforms) = postSolution
		{B404C3D0-7E1C-4EA0-8486-5557758CF9F9}.Debug|Any CPU.ActiveCfg = Debug|Any CPU
		{B404C3D0-7E1C-4EA0-8486-5557758CF9F9}.Debug|Any CPU.Build.0 = Debug|Any CPU
		{B404C3D0-7E1C-4EA0-8486-5557758CF9F9}.Release|Any CPU.ActiveCfg = Release|Any CPU
		{B404C3D0-7E1C-4EA0-8486-5557758CF9F9}.Release|Any CPU.Build.0 = Release|Any CPU
	EndGlobalSection
	GlobalSection(SolutionProperties) = preSolution
		HideSolutionNode = FALSE
	EndGlobalSection
	GlobalSection(ExtensibilityGlobals) = postSolution
		SolutionGuid = {A1A03A39-4FB4-4C45-A555-528F2EB48080}
	EndGlobalSection
EndGlobal
